
Microsoft Visual Studio Solution File, Format Version 12.00
# Visual Studio Version 17
VisualStudioVersion = 17.14.36705.20 d17.14
MinimumVisualStudioVersion = 10.0.40219.1
Project("{FAE04EC0-301F-11D3-BF4B-00C04F79EFBC}") = "WebApplication", "WebApplication\WebApplication.csproj", "{EE72761B-E4C7-4427-A725-BF683A1CD17A}"
EndProject
Global
	GlobalSection(SolutionConfigurationPlatforms) = preSolution
		Debug|Any CPU = Debug|Any CPU
		Release|Any CPU = Release|Any CPU
	EndGlobalSection
	GlobalSection(ProjectConfigurationPlatforms) = postSolution
		{EE72761B-E4C7-4427-A725-BF683A1CD17A}.Debug|Any CPU.ActiveCfg = Debug|Any CPU
		{EE72761B-E4C7-4427-A725-BF683A1CD17A}.Debug|Any CPU.Build.0 = Debug|Any CPU
		{EE72761B-E4C7-4427-A725-BF683A1CD17A}.Release|Any CPU.ActiveCfg = Release|Any CPU
		{EE72761B-E4C7-4427-A725-BF683A1CD17A}.Release|Any CPU.Build.0 = Release|Any CPU
	EndGlobalSection
	GlobalSection(SolutionProperties) = preSolution
		HideSolutionNode = FALSE
	EndGlobalSection
	GlobalSection(ExtensibilityGlobals) = postSolution
		SolutionGuid = {5D41F6D5-D354-44F8-9B18-007ECB4AC685}
	EndGlobalSection
EndGlobal
